{
  "object": {
    "pins": [
      {
        "package": "swift-argument-parser",
        "repositoryURL": "https://github.com/apple/swift-argument-parser.git",
        "state": {
          "branch": "async",
          "revision": "34aff6b87d5a788fe6441248d82db905f43c9b50",
          "version": null
        }
      }
    ]
  },
  "version": 1
}
